
Microsoft Visual Studio Solution File, Format Version 12.00
# Visual Studio Version 17
VisualStudioVersion = 17.13.35931.197 d17.13
MinimumVisualStudioVersion = 10.0.40219.1
Project("{FAE04EC0-301F-11D3-BF4B-00C04F79EFBC}") = "Flight Booking", "Flight Booking\Flight Booking.csproj", "{BD4B2A2B-0E5F-41D1-8E31-636526D2FC01}"
EndProject
Global
	GlobalSection(SolutionConfigurationPlatforms) = preSolution
		Debug|Any CPU = Debug|Any CPU
		Release|Any CPU = Release|Any CPU
	EndGlobalSection
	GlobalSection(ProjectConfigurationPlatforms) = postSolution
		{BD4B2A2B-0E5F-41D1-8E31-636526D2FC01}.Debug|Any CPU.ActiveCfg = Debug|Any CPU
		{BD4B2A2B-0E5F-41D1-8E31-636526D2FC01}.Debug|Any CPU.Build.0 = Debug|Any CPU
		{BD4B2A2B-0E5F-41D1-8E31-636526D2FC01}.Release|Any CPU.ActiveCfg = Release|Any CPU
		{BD4B2A2B-0E5F-41D1-8E31-636526D2FC01}.Release|Any CPU.Build.0 = Release|Any CPU
	EndGlobalSection
	GlobalSection(SolutionProperties) = preSolution
		HideSolutionNode = FALSE
	EndGlobalSection
	GlobalSection(ExtensibilityGlobals) = postSolution
		SolutionGuid = {0BCF6A0A-D001-4706-B23D-3711D1019384}
	EndGlobalSection
EndGlobal
